
Microsoft Visual Studio Solution File, Format Version 12.00
# Visual Studio Version 17
VisualStudioVersion = 17.13.35919.96 d17.13
MinimumVisualStudioVersion = 10.0.40219.1
Project("{FAE04EC0-301F-11D3-BF4B-00C04F79EFBC}") = "Gis.PL", "Gis.PL\Gis.PL.csproj", "{721F649E-1AA0-4853-82FD-AF95FD429E8A}"
EndProject
Project("{FAE04EC0-301F-11D3-BF4B-00C04F79EFBC}") = "Gis.DAL", "Gis.DAL\Gis.DAL.csproj", "{35767672-2520-41E4-AC1F-8A49C9756A7A}"
EndProject
Project("{FAE04EC0-301F-11D3-BF4B-00C04F79EFBC}") = "Gis.BLL", "Gis.BLL\Gis.BLL.csproj", "{4FEFFFDC-EB1F-4B7F-B47F-5DDB0493AAF3}"
EndProject
Global
	GlobalSection(SolutionConfigurationPlatforms) = preSolution
		Debug|Any CPU = Debug|Any CPU
		Release|Any CPU = Release|Any CPU
	EndGlobalSection
	GlobalSection(ProjectConfigurationPlatforms) = postSolution
		{721F649E-1AA0-4853-82FD-AF95FD429E8A}.Debug|Any CPU.ActiveCfg = Debug|Any CPU
		{721F649E-1AA0-4853-82FD-AF95FD429E8A}.Debug|Any CPU.Build.0 = Debug|Any CPU
		{721F649E-1AA0-4853-82FD-AF95FD429E8A}.Release|Any CPU.ActiveCfg = Release|Any CPU
		{721F649E-1AA0-4853-82FD-AF95FD429E8A}.Release|Any CPU.Build.0 = Release|Any CPU
		{35767672-2520-41E4-AC1F-8A49C9756A7A}.Debug|Any CPU.ActiveCfg = Debug|Any CPU
		{35767672-2520-41E4-AC1F-8A49C9756A7A}.Debug|Any CPU.Build.0 = Debug|Any CPU
		{35767672-2520-41E4-AC1F-8A49C9756A7A}.Release|Any CPU.ActiveCfg = Release|Any CPU
		{35767672-2520-41E4-AC1F-8A49C9756A7A}.Release|Any CPU.Build.0 = Release|Any CPU
		{4FEFFFDC-EB1F-4B7F-B47F-5DDB0493AAF3}.Debug|Any CPU.ActiveCfg = Debug|Any CPU
		{4FEFFFDC-EB1F-4B7F-B47F-5DDB0493AAF3}.Debug|Any CPU.Build.0 = Debug|Any CPU
		{4FEFFFDC-EB1F-4B7F-B47F-5DDB0493AAF3}.Release|Any CPU.ActiveCfg = Release|Any CPU
		{4FEFFFDC-EB1F-4B7F-B47F-5DDB0493AAF3}.Release|Any CPU.Build.0 = Release|Any CPU
	EndGlobalSection
	GlobalSection(SolutionProperties) = preSolution
		HideSolutionNode = FALSE
	EndGlobalSection
	GlobalSection(ExtensibilityGlobals) = postSolution
		SolutionGuid = {E1EDBC1B-75E6-432C-95D3-4DD412A4083B}
	EndGlobalSection
EndGlobal
